Microsoft Visual Studio Solution File, Format Version 12.00
# Visual Studio Version 17
VisualStudioVersion = 17.5.2.0
MinimumVisualStudioVersion = 10.0.40219.1
Project("{FAE04EC0-301F-11D3-BF4B-00C04F79EFBC}") = "SummaCore", "SummaCore.csproj", "{4BF65FFA-BEB9-0E5C-FE94-6649FD38A891}"
EndProject
Global
	GlobalSection(SolutionConfigurationPlatforms) = preSolution
		Debug|Any CPU = Debug|Any CPU
		Release|Any CPU = Release|Any CPU
	EndGlobalSection
	GlobalSection(ProjectConfigurationPlatforms) = postSolution
		{4BF65FFA-BEB9-0E5C-FE94-6649FD38A891}.Debug|Any CPU.ActiveCfg = Debug|Any CPU
		{4BF65FFA-BEB9-0E5C-FE94-6649FD38A891}.Debug|Any CPU.Build.0 = Debug|Any CPU
		{4BF65FFA-BEB9-0E5C-FE94-6649FD38A891}.Release|Any CPU.ActiveCfg = Release|Any CPU
		{4BF65FFA-BEB9-0E5C-FE94-6649FD38A891}.Release|Any CPU.Build.0 = Release|Any CPU
	EndGlobalSection
	GlobalSection(SolutionProperties) = preSolution
		HideSolutionNode = FALSE
	EndGlobalSection
	GlobalSection(ExtensibilityGlobals) = postSolution
		SolutionGuid = {A059D52C-DA65-43E3-B32D-E0F3BC76A7CF}
	EndGlobalSection
EndGlobal
